// !$*UTF8*$!
{
	archiveVersion = 1;
	classes = {
	};
	objectVersion = 51;
	objects = {

/* Begin PBXBuildFile section */
		30A513A825132EC000F81B8B /* LoginViewController.swift in Sources */ = {isa = PBXBuildFile; fileRef = 30A513A725132EC000F81B8B /* LoginViewController.swift */; };
		30A513AA25132ECE00F81B8B /* HomeViewController.swift in Sources */ = {isa = PBXBuildFile; fileRef = 30A513A925132ECE00F81B8B /* HomeViewController.swift */; };
		30A513AC25132EDB00F81B8B /* MyInfoViewController.swift in Sources */ = {isa = PBXBuildFile; fileRef = 30A513AB25132EDB00F81B8B /* MyInfoViewController.swift */; };
		30A513B025132F1F00F81B8B /* MakeViewController.swift in Sources */ = {isa = PBXBuildFile; fileRef = 30A513AF25132F1F00F81B8B /* MakeViewController.swift */; };
		30A513B52513301600F81B8B /* NoticeViewController.swift in Sources */ = {isa = PBXBuildFile; fileRef = 30A513B42513301600F81B8B /* NoticeViewController.swift */; };
		30A513B72513304600F81B8B /* SubscribeViewController.swift in Sources */ = {isa = PBXBuildFile; fileRef = 30A513B62513304600F81B8B /* SubscribeViewController.swift */; };
		30D38F2B2513202D00AFDC39 /* GoogleService-Info.plist in Resources */ = {isa = PBXBuildFile; fileRef = 30D38F2A2513202D00AFDC39 /* GoogleService-Info.plist */; };
		32A8A0822511B52300FE4CDD /* AppDelegate.swift in Sources */ = {isa = PBXBuildFile; fileRef = 32A8A0812511B52300FE4CDD /* AppDelegate.swift */; };
		32A8A0842511B52300FE4CDD /* SceneDelegate.swift in Sources */ = {isa = PBXBuildFile; fileRef = 32A8A0832511B52300FE4CDD /* SceneDelegate.swift */; };
		32A8A0892511B52300FE4CDD /* Main.storyboard in Resources */ = {isa = PBXBuildFile; fileRef = 32A8A0872511B52300FE4CDD /* Main.storyboard */; };
		32A8A08C2511B52300FE4CDD /* GAMBAS.xcdatamodeld in Sources */ = {isa = PBXBuildFile; fileRef = 32A8A08A2511B52300FE4CDD /* GAMBAS.xcdatamodeld */; };
		32A8A08E2511B53400FE4CDD /* Assets.xcassets in Resources */ = {isa = PBXBuildFile; fileRef = 32A8A08D2511B53400FE4CDD /* Assets.xcassets */; };
		32A8A0912511B53400FE4CDD /* LaunchScreen.storyboard in Resources */ = {isa = PBXBuildFile; fileRef = 32A8A08F2511B53400FE4CDD /* LaunchScreen.storyboard */; };
		D3B048C7D68EC4E946B59B83 /* Pods_GAMBAS.framework in Frameworks */ = {isa = PBXBuildFile; fileRef = 10D9F7964BC5B638A020B10E /* Pods_GAMBAS.framework */; };
/* End PBXBuildFile section */

/* Begin PBXFileReference section */
		10D9F7964BC5B638A020B10E /* Pods_GAMBAS.framework */ = {isa = PBXFileReference; explicitFileType = wrapper.framework; includeInIndex = 0; path = Pods_GAMBAS.framework; sourceTree = BUILT_PRODUCTS_DIR; };
		30A513A725132EC000F81B8B /* LoginViewController.swift */ = {isa = PBXFileReference; lastKnownFileType = sourcecode.swift; name = LoginViewController.swift; path = GAMBAS/LoginViewController.swift; sourceTree = SOURCE_ROOT; };
		30A513A925132ECE00F81B8B /* HomeViewController.swift */ = {isa = PBXFileReference; lastKnownFileType = sourcecode.swift; name = HomeViewController.swift; path = GAMBAS/HomeViewController.swift; sourceTree = SOURCE_ROOT; };
		30A513AB25132EDB00F81B8B /* MyInfoViewController.swift */ = {isa = PBXFileReference; lastKnownFileType = sourcecode.swift; name = MyInfoViewController.swift; path = GAMBAS/MyInfoViewController.swift; sourceTree = SOURCE_ROOT; };
		30A513AF25132F1F00F81B8B /* MakeViewController.swift */ = {isa = PBXFileReference; lastKnownFileType = sourcecode.swift; name = MakeViewController.swift; path = GAMBAS/MakeViewController.swift; sourceTree = SOURCE_ROOT; };
		30A513B42513301600F81B8B /* NoticeViewController.swift */ = {isa = PBXFileReference; lastKnownFileType = sourcecode.swift; name = NoticeViewController.swift; path = GAMBAS/NoticeViewController.swift; sourceTree = SOURCE_ROOT; };
		30A513B62513304600F81B8B /* SubscribeViewController.swift */ = {isa = PBXFileReference; lastKnownFileType = sourcecode.swift; name = SubscribeViewController.swift; path = GAMBAS/SubscribeViewController.swift; sourceTree = SOURCE_ROOT; };
		30D38F2A2513202D00AFDC39 /* GoogleService-Info.plist */ = {isa = PBXFileReference; fileEncoding = 4; lastKnownFileType = text.plist.xml; path = "GoogleService-Info.plist"; sourceTree = "<group>"; };
		32A8A07E2511B52300FE4CDD /* GAMBAS.app */ = {isa = PBXFileReference; explicitFileType = wrapper.application; includeInIndex = 0; path = GAMBAS.app; sourceTree = BUILT_PRODUCTS_DIR; };
		32A8A0812511B52300FE4CDD /* AppDelegate.swift */ = {isa = PBXFileReference; lastKnownFileType = sourcecode.swift; path = AppDelegate.swift; sourceTree = "<group>"; };
		32A8A0832511B52300FE4CDD /* SceneDelegate.swift */ = {isa = PBXFileReference; lastKnownFileType = sourcecode.swift; path = SceneDelegate.swift; sourceTree = "<group>"; };
		32A8A0882511B52300FE4CDD /* Base */ = {isa = PBXFileReference; lastKnownFileType = file.storyboard; name = Base; path = Base.lproj/Main.storyboard; sourceTree = "<group>"; };
		32A8A08B2511B52300FE4CDD /* GAMBAS.xcdatamodel */ = {isa = PBXFileReference; lastKnownFileType = wrapper.xcdatamodel; path = GAMBAS.xcdatamodel; sourceTree = "<group>"; };
		32A8A08D2511B53400FE4CDD /* Assets.xcassets */ = {isa = PBXFileReference; lastKnownFileType = folder.assetcatalog; path = Assets.xcassets; sourceTree = "<group>"; };
		32A8A0902511B53400FE4CDD /* Base */ = {isa = PBXFileReference; lastKnownFileType = file.storyboard; name = Base; path = Base.lproj/LaunchScreen.storyboard; sourceTree = "<group>"; };
		32A8A0922511B53400FE4CDD /* Info.plist */ = {isa = PBXFileReference; lastKnownFileType = text.plist.xml; path = Info.plist; sourceTree = "<group>"; };
		957B4048A8BF8CC01EEBAFBA /* Pods-GAMBAS.release.xcconfig */ = {isa = PBXFileReference; includeInIndex = 1; lastKnownFileType = text.xcconfig; name = "Pods-GAMBAS.release.xcconfig"; path = "Target Support Files/Pods-GAMBAS/Pods-GAMBAS.release.xcconfig"; sourceTree = "<group>"; };
		DC3275FC3D48C487695FBB04 /* Pods-GAMBAS.debug.xcconfig */ = {isa = PBXFileReference; includeInIndex = 1; lastKnownFileType = text.xcconfig; name = "Pods-GAMBAS.debug.xcconfig"; path = "Target Support Files/Pods-GAMBAS/Pods-GAMBAS.debug.xcconfig"; sourceTree = "<group>"; };
/* End PBXFileReference section */

/* Begin PBXFrameworksBuildPhase section */
		32A8A07B2511B52300FE4CDD /* Frameworks */ = {
			isa = PBXFrameworksBuildPhase;
			buildActionMask = 2147483647;
			files = (
				D3B048C7D68EC4E946B59B83 /* Pods_GAMBAS.framework in Frameworks */,
			);
			runOnlyForDeploymentPostprocessing = 0;
		};
/* End PBXFrameworksBuildPhase section */

/* Begin PBXGroup section */
		30A513B125132F3200F81B8B /* QueryModel */ = {
			isa = PBXGroup;
			children = (
			);
			path = QueryModel;
			sourceTree = "<group>";
		};
		30A513B225132F3B00F81B8B /* Model */ = {
			isa = PBXGroup;
			children = (
			);
			path = Model;
			sourceTree = "<group>";
		};
		30A513B325132FEF00F81B8B /* NOTICE */ = {
			isa = PBXGroup;
			children = (
				30A513B42513301600F81B8B /* NoticeViewController.swift */,
			);
			path = NOTICE;
			sourceTree = "<group>";
		};
		32A8A0752511B52300FE4CDD = {
			isa = PBXGroup;
			children = (
				32A8A0802511B52300FE4CDD /* GAMBAS */,
				32A8A07F2511B52300FE4CDD /* Products */,
				F6726D8DB477CEF749779038 /* Pods */,
				3E088890E9FF30341522A2EB /* Frameworks */,
			);
			sourceTree = "<group>";
		};
		32A8A07F2511B52300FE4CDD /* Products */ = {
			isa = PBXGroup;
			children = (
				32A8A07E2511B52300FE4CDD /* GAMBAS.app */,
			);
			name = Products;
			sourceTree = "<group>";
		};
		32A8A0802511B52300FE4CDD /* GAMBAS */ = {
			isa = PBXGroup;
			children = (
				30A513B325132FEF00F81B8B /* NOTICE */,
				30A513B225132F3B00F81B8B /* Model */,
				30A513B125132F3200F81B8B /* QueryModel */,
				30D38F2A2513202D00AFDC39 /* GoogleService-Info.plist */,
				32A8A09C2511BFFB00FE4CDD /* MAKE */,
				32A8A09B2511BFF600FE4CDD /* SUBSCRIBE */,
				32A8A09A2511BFEB00FE4CDD /* MYINFO */,
				32A8A0992511BFD600FE4CDD /* HOME */,
				32A8A0982511BFCB00FE4CDD /* LOGIN */,
				32A8A0812511B52300FE4CDD /* AppDelegate.swift */,
				32A8A0832511B52300FE4CDD /* SceneDelegate.swift */,
				32A8A0872511B52300FE4CDD /* Main.storyboard */,
				32A8A08D2511B53400FE4CDD /* Assets.xcassets */,
				32A8A08F2511B53400FE4CDD /* LaunchScreen.storyboard */,
				32A8A0922511B53400FE4CDD /* Info.plist */,
				32A8A08A2511B52300FE4CDD /* GAMBAS.xcdatamodeld */,
			);
			path = GAMBAS;
			sourceTree = "<group>";
		};
		32A8A0982511BFCB00FE4CDD /* LOGIN */ = {
			isa = PBXGroup;
			children = (
				30A513A725132EC000F81B8B /* LoginViewController.swift */,
			);
			path = LOGIN;
			sourceTree = "<group>";
		};
		32A8A0992511BFD600FE4CDD /* HOME */ = {
			isa = PBXGroup;
			children = (
				30A513A925132ECE00F81B8B /* HomeViewController.swift */,
			);
			path = HOME;
			sourceTree = "<group>";
		};
		32A8A09A2511BFEB00FE4CDD /* MYINFO */ = {
			isa = PBXGroup;
			children = (
				30A513AB25132EDB00F81B8B /* MyInfoViewController.swift */,
			);
			path = MYINFO;
			sourceTree = "<group>";
		};
		32A8A09B2511BFF600FE4CDD /* SUBSCRIBE */ = {
			isa = PBXGroup;
			children = (
				30A513B62513304600F81B8B /* SubscribeViewController.swift */,
			);
			path = SUBSCRIBE;
			sourceTree = "<group>";
		};
		32A8A09C2511BFFB00FE4CDD /* MAKE */ = {
			isa = PBXGroup;
			children = (
				30A513AF25132F1F00F81B8B /* MakeViewController.swift */,
			);
			path = MAKE;
			sourceTree = "<group>";
		};
		3E088890E9FF30341522A2EB /* Frameworks */ = {
			isa = PBXGroup;
			children = (
				10D9F7964BC5B638A020B10E /* Pods_GAMBAS.framework */,
			);
			name = Frameworks;
			sourceTree = "<group>";
		};
		F6726D8DB477CEF749779038 /* Pods */ = {
			isa = PBXGroup;
			children = (
				DC3275FC3D48C487695FBB04 /* Pods-GAMBAS.debug.xcconfig */,
				957B4048A8BF8CC01EEBAFBA /* Pods-GAMBAS.release.xcconfig */,
			);
			path = Pods;
			sourceTree = "<group>";
		};
/* End PBXGroup section */

/* Begin PBXNativeTarget section */
		32A8A07D2511B52300FE4CDD /* GAMBAS */ = {
			isa = PBXNativeTarget;
			buildConfigurationList = 32A8A0952511B53400FE4CDD /* Build configuration list for PBXNativeTarget "GAMBAS" */;
			buildPhases = (
				5F4786753F963616DCA780DD /* [CP] Check Pods Manifest.lock */,
				32A8A07A2511B52300FE4CDD /* Sources */,
				32A8A07B2511B52300FE4CDD /* Frameworks */,
				32A8A07C2511B52300FE4CDD /* Resources */,
				D4583661204B9D75C39596F8 /* [CP] Embed Pods Frameworks */,
			);
			buildRules = (
			);
			dependencies = (
			);
			name = GAMBAS;
			productName = GAMBAS;
			productReference = 32A8A07E2511B52300FE4CDD /* GAMBAS.app */;
			productType = "com.apple.product-type.application";
		};
/* End PBXNativeTarget section */

/* Begin PBXProject section */
		32A8A0762511B52300FE4CDD /* Project object */ = {
			isa = PBXProject;
			attributes = {
				LastSwiftUpdateCheck = 1130;
				LastUpgradeCheck = 1130;
				ORGANIZATIONNAME = TJ;
				TargetAttributes = {
					32A8A07D2511B52300FE4CDD = {
						CreatedOnToolsVersion = 11.3;
					};
				};
			};
			buildConfigurationList = 32A8A0792511B52300FE4CDD /* Build configuration list for PBXProject "GAMBAS" */;
			compatibilityVersion = "Xcode 9.3";
			developmentRegion = en;
			hasScannedForEncodings = 0;
			knownRegions = (
				en,
				Base,
			);
			mainGroup = 32A8A0752511B52300FE4CDD;
			productRefGroup = 32A8A07F2511B52300FE4CDD /* Products */;
			projectDirPath = "";
			projectRoot = "";
			targets = (
				32A8A07D2511B52300FE4CDD /* GAMBAS */,
			);
		};
/* End PBXProject section */

/* Begin PBXResourcesBuildPhase section */
		32A8A07C2511B52300FE4CDD /* Resources */ = {
			isa = PBXResourcesBuildPhase;
			buildActionMask = 2147483647;
			files = (
				32A8A0912511B53400FE4CDD /* LaunchScreen.storyboard in Resources */,
				30D38F2B2513202D00AFDC39 /* GoogleService-Info.plist in Resources */,
				32A8A08E2511B53400FE4CDD /* Assets.xcassets in Resources */,
				32A8A0892511B52300FE4CDD /* Main.storyboard in Resources */,
			);
			runOnlyForDeploymentPostprocessing = 0;
		};
/* End PBXResourcesBuildPhase section */

/* Begin PBXShellScriptBuildPhase section */
		5F4786753F963616DCA780DD /* [CP] Check Pods Manifest.lock */ = {
			isa = PBXShellScriptBuildPhase;
			buildActionMask = 2147483647;
			files = (
			);
			inputFileListPaths = (
			);
			inputPaths = (
				"${PODS_PODFILE_DIR_PATH}/Podfile.lock",
				"${PODS_ROOT}/Manifest.lock",
			);
			name = "[CP] Check Pods Manifest.lock";
			outputFileListPaths = (
			);
			outputPaths = (
				"$(DERIVED_FILE_DIR)/Pods-GAMBAS-checkManifestLockResult.txt",
			);
			runOnlyForDeploymentPostprocessing = 0;
			shellPath = /bin/sh;
			shellScript = "diff \"${PODS_PODFILE_DIR_PATH}/Podfile.lock\" \"${PODS_ROOT}/Manifest.lock\" > /dev/null\nif [ $? != 0 ] ; then\n    # print error to STDERR\n    echo \"error: The sandbox is not in sync with the Podfile.lock. Run 'pod install' or update your CocoaPods installation.\" >&2\n    exit 1\nfi\n# This output is used by Xcode 'outputs' to avoid re-running this script phase.\necho \"SUCCESS\" > \"${SCRIPT_OUTPUT_FILE_0}\"\n";
			showEnvVarsInLog = 0;
		};
		D4583661204B9D75C39596F8 /* [CP] Embed Pods Frameworks */ = {
			isa = PBXShellScriptBuildPhase;
			buildActionMask = 2147483647;
			files = (
			);
			inputFileListPaths = (
				"${PODS_ROOT}/Target Support Files/Pods-GAMBAS/Pods-GAMBAS-frameworks-${CONFIGURATION}-input-files.xcfilelist",
			);
			name = "[CP] Embed Pods Frameworks";
			outputFileListPaths = (
				"${PODS_ROOT}/Target Support Files/Pods-GAMBAS/Pods-GAMBAS-frameworks-${CONFIGURATION}-output-files.xcfilelist",
			);
			runOnlyForDeploymentPostprocessing = 0;
			shellPath = /bin/sh;
			shellScript = "\"${PODS_ROOT}/Target Support Files/Pods-GAMBAS/Pods-GAMBAS-frameworks.sh\"\n";
			showEnvVarsInLog = 0;
		};
/* End PBXShellScriptBuildPhase section */

/* Begin PBXSourcesBuildPhase section */
		32A8A07A2511B52300FE4CDD /* Sources */ = {
			isa = PBXSourcesBuildPhase;
			buildActionMask = 2147483647;
			files = (
				30A513B025132F1F00F81B8B /* MakeViewController.swift in Sources */,
				30A513B72513304600F81B8B /* SubscribeViewController.swift in Sources */,
				30A513AA25132ECE00F81B8B /* HomeViewController.swift in Sources */,
				30A513A825132EC000F81B8B /* LoginViewController.swift in Sources */,
				32A8A0822511B52300FE4CDD /* AppDelegate.swift in Sources */,
				32A8A08C2511B52300FE4CDD /* GAMBAS.xcdatamodeld in Sources */,
				30A513AC25132EDB00F81B8B /* MyInfoViewController.swift in Sources */,
				30A513B52513301600F81B8B /* NoticeViewController.swift in Sources */,
				32A8A0842511B52300FE4CDD /* SceneDelegate.swift in Sources */,
			);
			runOnlyForDeploymentPostprocessing = 0;
		};
/* End PBXSourcesBuildPhase section */

/* Begin PBXVariantGroup section */
		32A8A0872511B52300FE4CDD /* Main.storyboard */ = {
			isa = PBXVariantGroup;
			children = (
				32A8A0882511B52300FE4CDD /* Base */,
			);
			name = Main.storyboard;
			sourceTree = "<group>";
		};
		32A8A08F2511B53400FE4CDD /* LaunchScreen.storyboard */ = {
			isa = PBXVariantGroup;
			children = (
				32A8A0902511B53400FE4CDD /* Base */,
			);
			name = LaunchScreen.storyboard;
			sourceTree = "<group>";
		};
/* End PBXVariantGroup section */

/* Begin XCBuildConfiguration section */
		32A8A0932511B53400FE4CDD /* Debug */ = {
			isa = XCBuildConfiguration;
			buildSettings = {
				ALWAYS_SEARCH_USER_PATHS = NO;
				CLANG_ANALYZER_NONNULL = YES;
				CLANG_ANALYZER_NUMBER_OBJECT_CONVERSION = YES_AGGRESSIVE;
				CLANG_CXX_LANGUAGE_STANDARD = "gnu++14";
				CLANG_CXX_LIBRARY = "libc++";
				CLANG_ENABLE_MODULES = YES;
				CLANG_ENABLE_OBJC_ARC = YES;
				CLANG_ENABLE_OBJC_WEAK = YES;
				CLANG_WARN_BLOCK_CAPTURE_AUTORELEASING = YES;
				CLANG_WARN_BOOL_CONVERSION = YES;
				CLANG_WARN_COMMA = YES;
				CLANG_WARN_CONSTANT_CONVERSION = YES;
				CLANG_WARN_DEPRECATED_OBJC_IMPLEMENTATIONS = YES;
				CLANG_WARN_DIRECT_OBJC_ISA_USAGE = YES_ERROR;
				CLANG_WARN_DOCUMENTATION_COMMENTS = YES;
				CLANG_WARN_EMPTY_BODY = YES;
				CLANG_WARN_ENUM_CONVERSION = YES;
				CLANG_WARN_INFINITE_RECURSION = YES;
				CLANG_WARN_INT_CONVERSION = YES;
				CLANG_WARN_NON_LITERAL_NULL_CONVERSION = YES;
				CLANG_WARN_OBJC_IMPLICIT_RETAIN_SELF = YES;
				CLANG_WARN_OBJC_LITERAL_CONVERSION = YES;
				CLANG_WARN_OBJC_ROOT_CLASS = YES_ERROR;
				CLANG_WARN_RANGE_LOOP_ANALYSIS = YES;
				CLANG_WARN_STRICT_PROTOTYPES = YES;
				CLANG_WARN_SUSPICIOUS_MOVE = YES;
				CLANG_WARN_UNGUARDED_AVAILABILITY = YES_AGGRESSIVE;
				CLANG_WARN_UNREACHABLE_CODE = YES;
				CLANG_WARN__DUPLICATE_METHOD_MATCH = YES;
				COPY_PHASE_STRIP = NO;
				DEBUG_INFORMATION_FORMAT = dwarf;
				ENABLE_STRICT_OBJC_MSGSEND = YES;
				ENABLE_TESTABILITY = YES;
				GCC_C_LANGUAGE_STANDARD = gnu11;
				GCC_DYNAMIC_NO_PIC = NO;
				GCC_NO_COMMON_BLOCKS = YES;
				GCC_OPTIMIZATION_LEVEL = 0;
				GCC_PREPROCESSOR_DEFINITIONS = (
					"DEBUG=1",
					"$(inherited)",
				);
				GCC_WARN_64_TO_32_BIT_CONVERSION = YES;
				GCC_WARN_ABOUT_RETURN_TYPE = YES_ERROR;
				GCC_WARN_UNDECLARED_SELECTOR = YES;
				GCC_WARN_UNINITIALIZED_AUTOS = YES_AGGRESSIVE;
				GCC_WARN_UNUSED_FUNCTION = YES;
				GCC_WARN_UNUSED_VARIABLE = YES;
				IPHONEOS_DEPLOYMENT_TARGET = 13.2;
				MTL_ENABLE_DEBUG_INFO = INCLUDE_SOURCE;
				MTL_FAST_MATH = YES;
				ONLY_ACTIVE_ARCH = YES;
				SDKROOT = iphoneos;
				SWIFT_ACTIVE_COMPILATION_CONDITIONS = DEBUG;
				SWIFT_OPTIMIZATION_LEVEL = "-Onone";
			};
			name = Debug;
		};
		32A8A0942511B53400FE4CDD /* Release */ = {
			isa = XCBuildConfiguration;
			buildSettings = {
				ALWAYS_SEARCH_USER_PATHS = NO;
				CLANG_ANALYZER_NONNULL = YES;
				CLANG_ANALYZER_NUMBER_OBJECT_CONVERSION = YES_AGGRESSIVE;
				CLANG_CXX_LANGUAGE_STANDARD = "gnu++14";
				CLANG_CXX_LIBRARY = "libc++";
				CLANG_ENABLE_MODULES = YES;
				CLANG_ENABLE_OBJC_ARC = YES;
				CLANG_ENABLE_OBJC_WEAK = YES;
				CLANG_WARN_BLOCK_CAPTURE_AUTORELEASING = YES;
				CLANG_WARN_BOOL_CONVERSION = YES;
				CLANG_WARN_COMMA = YES;
				CLANG_WARN_CONSTANT_CONVERSION = YES;
				CLANG_WARN_DEPRECATED_OBJC_IMPLEMENTATIONS = YES;
				CLANG_WARN_DIRECT_OBJC_ISA_USAGE = YES_ERROR;
				CLANG_WARN_DOCUMENTATION_COMMENTS = YES;
				CLANG_WARN_EMPTY_BODY = YES;
				CLANG_WARN_ENUM_CONVERSION = YES;
				CLANG_WARN_INFINITE_RECURSION = YES;
				CLANG_WARN_INT_CONVERSION = YES;
				CLANG_WARN_NON_LITERAL_NULL_CONVERSION = YES;
				CLANG_WARN_OBJC_IMPLICIT_RETAIN_SELF = YES;
				CLANG_WARN_OBJC_LITERAL_CONVERSION = YES;
				CLANG_WARN_OBJC_ROOT_CLASS = YES_ERROR;
				CLANG_WARN_RANGE_LOOP_ANALYSIS = YES;
				CLANG_WARN_STRICT_PROTOTYPES = YES;
				CLANG_WARN_SUSPICIOUS_MOVE = YES;
				CLANG_WARN_UNGUARDED_AVAILABILITY = YES_AGGRESSIVE;
				CLANG_WARN_UNREACHABLE_CODE = YES;
				CLANG_WARN__DUPLICATE_METHOD_MATCH = YES;
				COPY_PHASE_STRIP = NO;
				DEBUG_INFORMATION_FORMAT = "dwarf-with-dsym";
				ENABLE_NS_ASSERTIONS = NO;
				ENABLE_STRICT_OBJC_MSGSEND = YES;
				GCC_C_LANGUAGE_STANDARD = gnu11;
				GCC_NO_COMMON_BLOCKS = YES;
				GCC_WARN_64_TO_32_BIT_CONVERSION = YES;
				GCC_WARN_ABOUT_RETURN_TYPE = YES_ERROR;
				GCC_WARN_UNDECLARED_SELECTOR = YES;
				GCC_WARN_UNINITIALIZED_AUTOS = YES_AGGRESSIVE;
				GCC_WARN_UNUSED_FUNCTION = YES;
				GCC_WARN_UNUSED_VARIABLE = YES;
				IPHONEOS_DEPLOYMENT_TARGET = 13.2;
				MTL_ENABLE_DEBUG_INFO = NO;
				MTL_FAST_MATH = YES;
				SDKROOT = iphoneos;
				SWIFT_COMPILATION_MODE = wholemodule;
				SWIFT_OPTIMIZATION_LEVEL = "-O";
				VALIDATE_PRODUCT = YES;
			};
			name = Release;
		};
		32A8A0962511B53400FE4CDD /* Debug */ = {
			isa = XCBuildConfiguration;
			baseConfigurationReference = DC3275FC3D48C487695FBB04 /* Pods-GAMBAS.debug.xcconfig */;
			buildSettings = {
				ASSETCATALOG_COMPILER_APPICON_NAME = AppIcon;
				CODE_SIGN_STYLE = Automatic;
				INFOPLIST_FILE = GAMBAS/Info.plist;
				LD_RUNPATH_SEARCH_PATHS = (
					"$(inherited)",
					"@executable_path/Frameworks",
				);
				PRODUCT_BUNDLE_IDENTIFIER = com.ios.GAMBAS;
				PRODUCT_NAME = "$(TARGET_NAME)";
				SWIFT_VERSION = 5.0;
				TARGETED_DEVICE_FAMILY = 1;
			};
			name = Debug;
		};
		32A8A0972511B53400FE4CDD /* Release */ = {
			isa = XCBuildConfiguration;
			baseConfigurationReference = 957B4048A8BF8CC01EEBAFBA /* Pods-GAMBAS.release.xcconfig */;
			buildSettings = {
				ASSETCATALOG_COMPILER_APPICON_NAME = AppIcon;
				CODE_SIGN_STYLE = Automatic;
				INFOPLIST_FILE = GAMBAS/Info.plist;
				LD_RUNPATH_SEARCH_PATHS = (
					"$(inherited)",
					"@executable_path/Frameworks",
				);
				PRODUCT_BUNDLE_IDENTIFIER = com.ios.GAMBAS;
				PRODUCT_NAME = "$(TARGET_NAME)";
				SWIFT_VERSION = 5.0;
				TARGETED_DEVICE_FAMILY = 1;
			};
			name = Release;
		};
/* End XCBuildConfiguration section */

/* Begin XCConfigurationList section */
		32A8A0792511B52300FE4CDD /* Build configuration list for PBXProject "GAMBAS" */ = {
			isa = XCConfigurationList;
			buildConfigurations = (
				32A8A0932511B53400FE4CDD /* Debug */,
				32A8A0942511B53400FE4CDD /* Release */,
			);
			defaultConfigurationIsVisible = 0;
			defaultConfigurationName = Release;
		};
		32A8A0952511B53400FE4CDD /* Build configuration list for PBXNativeTarget "GAMBAS" */ = {
			isa = XCConfigurationList;
			buildConfigurations = (
				32A8A0962511B53400FE4CDD /* Debug */,
				32A8A0972511B53400FE4CDD /* Release */,
			);
			defaultConfigurationIsVisible = 0;
			defaultConfigurationName = Release;
		};
/* End XCConfigurationList section */

/* Begin XCVersionGroup section */
		32A8A08A2511B52300FE4CDD /* GAMBAS.xcdatamodeld */ = {
			isa = XCVersionGroup;
			children = (
				32A8A08B2511B52300FE4CDD /* GAMBAS.xcdatamodel */,
			);
			currentVersion = 32A8A08B2511B52300FE4CDD /* GAMBAS.xcdatamodel */;
			path = GAMBAS.xcdatamodeld;
			sourceTree = "<group>";
			versionGroupType = wrapper.xcdatamodel;
		};
/* End XCVersionGroup section */
	};
	rootObject = 32A8A0762511B52300FE4CDD /* Project object */;
}
